
Microsoft Visual Studio Solution File, Format Version 12.00
# Visual Studio 2012
Project("{FAE04EC0-301F-11D3-BF4B-00C04F79EFBC}") = "PH01", "PH01\PH01.csproj", "{8067695F-765F-4F96-B4FF-AC7DC82E7668}"
EndProject
Global
	GlobalSection(SolutionConfigurationPlatforms) = preSolution
		Debug|Any CPU = Debug|Any CPU
		Release|Any CPU = Release|Any CPU
	EndGlobalSection
	GlobalSection(ProjectConfigurationPlatforms) = postSolution
		{8067695F-765F-4F96-B4FF-AC7DC82E7668}.Debug|Any CPU.ActiveCfg = Debug|Any CPU
		{8067695F-765F-4F96-B4FF-AC7DC82E7668}.Debug|Any CPU.Build.0 = Debug|Any CPU
		{8067695F-765F-4F96-B4FF-AC7DC82E7668}.Release|Any CPU.ActiveCfg = Release|Any CPU
		{8067695F-765F-4F96-B4FF-AC7DC82E7668}.Release|Any CPU.Build.0 = Release|Any CPU
	EndGlobalSection
EndGlobal
